
Microsoft Visual Studio Solution File, Format Version 12.00
# Visual Studio Version 17
VisualStudioVersion = 17.4.33122.133
MinimumVisualStudioVersion = 10.0.40219.1
Project("{FAE04EC0-301F-11D3-BF4B-00C04F79EFBC}") = "FactoryExercise", "FactoryExercise\FactoryExercise.csproj", "{06FC151B-69E6-4AE1-9B62-0DA586D55593}"
EndProject
Global
	GlobalSection(SolutionConfigurationPlatforms) = preSolution
		Debug|Any CPU = Debug|Any CPU
		Release|Any CPU = Release|Any CPU
	EndGlobalSection
	GlobalSection(ProjectConfigurationPlatforms) = postSolution
		{06FC151B-69E6-4AE1-9B62-0DA586D55593}.Debug|Any CPU.ActiveCfg = Debug|Any CPU
		{06FC151B-69E6-4AE1-9B62-0DA586D55593}.Debug|Any CPU.Build.0 = Debug|Any CPU
		{06FC151B-69E6-4AE1-9B62-0DA586D55593}.Release|Any CPU.ActiveCfg = Release|Any CPU
		{06FC151B-69E6-4AE1-9B62-0DA586D55593}.Release|Any CPU.Build.0 = Release|Any CPU
	EndGlobalSection
	GlobalSection(SolutionProperties) = preSolution
		HideSolutionNode = FALSE
	EndGlobalSection
	GlobalSection(ExtensibilityGlobals) = postSolution
		SolutionGuid = {C6206CC3-3EA9-4E06-BC74-C0C4622DE15F}
	EndGlobalSection
EndGlobal
